
Microsoft Visual Studio Solution File, Format Version 12.00
# Visual Studio Version 17
VisualStudioVersion = 17.11.35312.102
MinimumVisualStudioVersion = 10.0.40219.1
Project("{FAE04EC0-301F-11D3-BF4B-00C04F79EFBC}") = "CollectionMath", "CollectionMath\CollectionMath.csproj", "{63C77691-1590-4EBE-9519-BB72B7AA3E16}"
EndProject
Project("{FAE04EC0-301F-11D3-BF4B-00C04F79EFBC}") = "CollectionMathTests", "CollectionMathTests\CollectionMathTests.csproj", "{8D450152-4AD9-4517-8550-CC60CAC37E22}"
EndProject
Global
	GlobalSection(SolutionConfigurationPlatforms) = preSolution
		Debug|Any CPU = Debug|Any CPU
		Release|Any CPU = Release|Any CPU
	EndGlobalSection
	GlobalSection(ProjectConfigurationPlatforms) = postSolution
		{63C77691-1590-4EBE-9519-BB72B7AA3E16}.Debug|Any CPU.ActiveCfg = Debug|Any CPU
		{63C77691-1590-4EBE-9519-BB72B7AA3E16}.Debug|Any CPU.Build.0 = Debug|Any CPU
		{63C77691-1590-4EBE-9519-BB72B7AA3E16}.Release|Any CPU.ActiveCfg = Release|Any CPU
		{63C77691-1590-4EBE-9519-BB72B7AA3E16}.Release|Any CPU.Build.0 = Release|Any CPU
		{8D450152-4AD9-4517-8550-CC60CAC37E22}.Debug|Any CPU.ActiveCfg = Debug|Any CPU
		{8D450152-4AD9-4517-8550-CC60CAC37E22}.Debug|Any CPU.Build.0 = Debug|Any CPU
		{8D450152-4AD9-4517-8550-CC60CAC37E22}.Release|Any CPU.ActiveCfg = Release|Any CPU
		{8D450152-4AD9-4517-8550-CC60CAC37E22}.Release|Any CPU.Build.0 = Release|Any CPU
	EndGlobalSection
	GlobalSection(SolutionProperties) = preSolution
		HideSolutionNode = FALSE
	EndGlobalSection
	GlobalSection(ExtensibilityGlobals) = postSolution
		SolutionGuid = {68EACBAF-1531-47F8-B99D-82819BCC1F4C}
	EndGlobalSection
EndGlobal
